
Microsoft Visual Studio Solution File, Format Version 12.00
# Visual Studio Version 17
VisualStudioVersion = 17.4.33213.308
MinimumVisualStudioVersion = 10.0.40219.1
Project("{FAE04EC0-301F-11D3-BF4B-00C04F79EFBC}") = "KosmosBG", "KosmosBG.csproj", "{C68260BC-0F13-4BD0-B93B-DE770C101003}"
EndProject
Global
	GlobalSection(SolutionConfigurationPlatforms) = preSolution
		Debug|Any CPU = Debug|Any CPU
		Release|Any CPU = Release|Any CPU
	EndGlobalSection
	GlobalSection(ProjectConfigurationPlatforms) = postSolution
		{C68260BC-0F13-4BD0-B93B-DE770C101003}.Debug|Any CPU.ActiveCfg = Debug|Any CPU
		{C68260BC-0F13-4BD0-B93B-DE770C101003}.Debug|Any CPU.Build.0 = Debug|Any CPU
		{C68260BC-0F13-4BD0-B93B-DE770C101003}.Release|Any CPU.ActiveCfg = Release|Any CPU
		{C68260BC-0F13-4BD0-B93B-DE770C101003}.Release|Any CPU.Build.0 = Release|Any CPU
	EndGlobalSection
	GlobalSection(SolutionProperties) = preSolution
		HideSolutionNode = FALSE
	EndGlobalSection
	GlobalSection(ExtensibilityGlobals) = postSolution
		SolutionGuid = {98E3FDCA-1E0A-4DD5-B4C2-1D6890799792}
	EndGlobalSection
EndGlobal
